
Microsoft Visual Studio Solution File, Format Version 12.00
Project("{FAE04EC0-301F-11D3-BF4B-00C04F79EFBC}") = "Jobs.Aggregator.Local", "Jobs.Aggregator.Local\Jobs.Aggregator.Local.csproj", "{7A729DE9-4B18-4243-A5AC-32DF5AE76702}"
EndProject
Project("{FAE04EC0-301F-11D3-BF4B-00C04F79EFBC}") = "Jobs.Aggregator.Business", "Jobs.Aggregator.Business\Jobs.Aggregator.Business.csproj", "{9D4CF1ED-B060-4E1A-A0C2-003A0D35DE8D}"
EndProject
Project("{FAE04EC0-301F-11D3-BF4B-00C04F79EFBC}") = "Jobs.Aggregator.Core", "Jobs.Aggregator.Core\Jobs.Aggregator.Core.csproj", "{A367A230-30A8-493C-8C7C-EA3810632EAC}"
EndProject
Project("{FAE04EC0-301F-11D3-BF4B-00C04F79EFBC}") = "Jobs.Aggregator.Aws", "Jobs.Aggregator.Aws\Jobs.Aggregator.Aws.csproj", "{C233054F-B3AD-486E-942F-AFB8279DC7DA}"
EndProject
Project("{2150E333-8FDC-42A3-9474-1A3956D46DE8}") = "Tests", "Tests", "{8C605BAB-7CFF-4A01-8CEB-910B65FEAF00}"
EndProject
Project("{FAE04EC0-301F-11D3-BF4B-00C04F79EFBC}") = "UnitTests", "Tests\UnitTests\UnitTests.csproj", "{089866BA-D72B-44B6-8F55-FCBF0271DD34}"
EndProject
Project("{FAE04EC0-301F-11D3-BF4B-00C04F79EFBC}") = "Jobs.Aggregator.Utils", "Jobs.Aggregator.Utils\Jobs.Aggregator.Utils.csproj", "{34FECDC6-1908-4A11-A7F3-612C8F9B46C1}"
EndProject
Project("{FAE04EC0-301F-11D3-BF4B-00C04F79EFBC}") = "Jobs.Aggregator.Benchmark", "Jobs.Aggregator.Benchmark\Jobs.Aggregator.Benchmark.csproj", "{0BE6EC64-AED0-4BC2-8971-A51492737AD9}"
EndProject
Global
	GlobalSection(SolutionConfigurationPlatforms) = preSolution
		Debug|Any CPU = Debug|Any CPU
		Release|Any CPU = Release|Any CPU
	EndGlobalSection
	GlobalSection(ProjectConfigurationPlatforms) = postSolution
		{7A729DE9-4B18-4243-A5AC-32DF5AE76702}.Debug|Any CPU.ActiveCfg = Debug|Any CPU
		{7A729DE9-4B18-4243-A5AC-32DF5AE76702}.Debug|Any CPU.Build.0 = Debug|Any CPU
		{7A729DE9-4B18-4243-A5AC-32DF5AE76702}.Release|Any CPU.ActiveCfg = Release|Any CPU
		{7A729DE9-4B18-4243-A5AC-32DF5AE76702}.Release|Any CPU.Build.0 = Release|Any CPU
		{9D4CF1ED-B060-4E1A-A0C2-003A0D35DE8D}.Debug|Any CPU.ActiveCfg = Debug|Any CPU
		{9D4CF1ED-B060-4E1A-A0C2-003A0D35DE8D}.Debug|Any CPU.Build.0 = Debug|Any CPU
		{9D4CF1ED-B060-4E1A-A0C2-003A0D35DE8D}.Release|Any CPU.ActiveCfg = Release|Any CPU
		{9D4CF1ED-B060-4E1A-A0C2-003A0D35DE8D}.Release|Any CPU.Build.0 = Release|Any CPU
		{A367A230-30A8-493C-8C7C-EA3810632EAC}.Debug|Any CPU.ActiveCfg = Debug|Any CPU
		{A367A230-30A8-493C-8C7C-EA3810632EAC}.Debug|Any CPU.Build.0 = Debug|Any CPU
		{A367A230-30A8-493C-8C7C-EA3810632EAC}.Release|Any CPU.ActiveCfg = Release|Any CPU
		{A367A230-30A8-493C-8C7C-EA3810632EAC}.Release|Any CPU.Build.0 = Release|Any CPU
		{C233054F-B3AD-486E-942F-AFB8279DC7DA}.Debug|Any CPU.ActiveCfg = Debug|Any CPU
		{C233054F-B3AD-486E-942F-AFB8279DC7DA}.Debug|Any CPU.Build.0 = Debug|Any CPU
		{C233054F-B3AD-486E-942F-AFB8279DC7DA}.Release|Any CPU.ActiveCfg = Release|Any CPU
		{C233054F-B3AD-486E-942F-AFB8279DC7DA}.Release|Any CPU.Build.0 = Release|Any CPU
		{089866BA-D72B-44B6-8F55-FCBF0271DD34}.Debug|Any CPU.ActiveCfg = Debug|Any CPU
		{089866BA-D72B-44B6-8F55-FCBF0271DD34}.Debug|Any CPU.Build.0 = Debug|Any CPU
		{089866BA-D72B-44B6-8F55-FCBF0271DD34}.Release|Any CPU.ActiveCfg = Release|Any CPU
		{089866BA-D72B-44B6-8F55-FCBF0271DD34}.Release|Any CPU.Build.0 = Release|Any CPU
		{34FECDC6-1908-4A11-A7F3-612C8F9B46C1}.Debug|Any CPU.ActiveCfg = Debug|Any CPU
		{34FECDC6-1908-4A11-A7F3-612C8F9B46C1}.Debug|Any CPU.Build.0 = Debug|Any CPU
		{34FECDC6-1908-4A11-A7F3-612C8F9B46C1}.Release|Any CPU.ActiveCfg = Release|Any CPU
		{34FECDC6-1908-4A11-A7F3-612C8F9B46C1}.Release|Any CPU.Build.0 = Release|Any CPU
		{0BE6EC64-AED0-4BC2-8971-A51492737AD9}.Debug|Any CPU.ActiveCfg = Debug|Any CPU
		{0BE6EC64-AED0-4BC2-8971-A51492737AD9}.Debug|Any CPU.Build.0 = Debug|Any CPU
		{0BE6EC64-AED0-4BC2-8971-A51492737AD9}.Release|Any CPU.ActiveCfg = Release|Any CPU
		{0BE6EC64-AED0-4BC2-8971-A51492737AD9}.Release|Any CPU.Build.0 = Release|Any CPU
	EndGlobalSection
	GlobalSection(NestedProjects) = preSolution
		{089866BA-D72B-44B6-8F55-FCBF0271DD34} = {8C605BAB-7CFF-4A01-8CEB-910B65FEAF00}
	EndGlobalSection
EndGlobal
